
Microsoft Visual Studio Solution File, Format Version 12.00
# Visual Studio 15
VisualStudioVersion = 15.0.26124.0
MinimumVisualStudioVersion = 15.0.26124.0
Project("{2150E333-8FDC-42A3-9474-1A3956D46DE8}") = "src", "src", "{8E8275F0-CB67-4A9D-A4CA-DA048C312DA3}"
EndProject
Project("{FAE04EC0-301F-11D3-BF4B-00C04F79EFBC}") = "Action.Api", "src\Action.Api\Action.Api.csproj", "{4C8FCA16-0767-45B6-8914-DAF838883801}"
EndProject
Project("{FAE04EC0-301F-11D3-BF4B-00C04F79EFBC}") = "Action.Common", "src\Action.Common\Action.Common.csproj", "{E8EA7E40-185F-4C4A-9645-7A81BB360658}"
EndProject
Project("{FAE04EC0-301F-11D3-BF4B-00C04F79EFBC}") = "Action.Services.Identity", "src\Action.Services.Identity\Action.Services.Identity.csproj", "{65A1ED00-C8EB-4ED6-9913-1A57D1CECEE0}"
EndProject
Project("{FAE04EC0-301F-11D3-BF4B-00C04F79EFBC}") = "Action.Services.Activities", "src\Action.Services.Activities\Action.Services.Activities.csproj", "{C9BC6C69-A8AB-4A2E-BC92-AC0D90D0086B}"
EndProject
Global
	GlobalSection(SolutionConfigurationPlatforms) = preSolution
		Debug|Any CPU = Debug|Any CPU
		Debug|x64 = Debug|x64
		Debug|x86 = Debug|x86
		Release|Any CPU = Release|Any CPU
		Release|x64 = Release|x64
		Release|x86 = Release|x86
	EndGlobalSection
	GlobalSection(SolutionProperties) = preSolution
		HideSolutionNode = FALSE
	EndGlobalSection
	GlobalSection(ProjectConfigurationPlatforms) = postSolution
		{4C8FCA16-0767-45B6-8914-DAF838883801}.Debug|Any CPU.ActiveCfg = Debug|Any CPU
		{4C8FCA16-0767-45B6-8914-DAF838883801}.Debug|Any CPU.Build.0 = Debug|Any CPU
		{4C8FCA16-0767-45B6-8914-DAF838883801}.Debug|x64.ActiveCfg = Debug|Any CPU
		{4C8FCA16-0767-45B6-8914-DAF838883801}.Debug|x64.Build.0 = Debug|Any CPU
		{4C8FCA16-0767-45B6-8914-DAF838883801}.Debug|x86.ActiveCfg = Debug|Any CPU
		{4C8FCA16-0767-45B6-8914-DAF838883801}.Debug|x86.Build.0 = Debug|Any CPU
		{4C8FCA16-0767-45B6-8914-DAF838883801}.Release|Any CPU.ActiveCfg = Release|Any CPU
		{4C8FCA16-0767-45B6-8914-DAF838883801}.Release|Any CPU.Build.0 = Release|Any CPU
		{4C8FCA16-0767-45B6-8914-DAF838883801}.Release|x64.ActiveCfg = Release|Any CPU
		{4C8FCA16-0767-45B6-8914-DAF838883801}.Release|x64.Build.0 = Release|Any CPU
		{4C8FCA16-0767-45B6-8914-DAF838883801}.Release|x86.ActiveCfg = Release|Any CPU
		{4C8FCA16-0767-45B6-8914-DAF838883801}.Release|x86.Build.0 = Release|Any CPU
		{E8EA7E40-185F-4C4A-9645-7A81BB360658}.Debug|Any CPU.ActiveCfg = Debug|Any CPU
		{E8EA7E40-185F-4C4A-9645-7A81BB360658}.Debug|Any CPU.Build.0 = Debug|Any CPU
		{E8EA7E40-185F-4C4A-9645-7A81BB360658}.Debug|x64.ActiveCfg = Debug|Any CPU
		{E8EA7E40-185F-4C4A-9645-7A81BB360658}.Debug|x64.Build.0 = Debug|Any CPU
		{E8EA7E40-185F-4C4A-9645-7A81BB360658}.Debug|x86.ActiveCfg = Debug|Any CPU
		{E8EA7E40-185F-4C4A-9645-7A81BB360658}.Debug|x86.Build.0 = Debug|Any CPU
		{E8EA7E40-185F-4C4A-9645-7A81BB360658}.Release|Any CPU.ActiveCfg = Release|Any CPU
		{E8EA7E40-185F-4C4A-9645-7A81BB360658}.Release|Any CPU.Build.0 = Release|Any CPU
		{E8EA7E40-185F-4C4A-9645-7A81BB360658}.Release|x64.ActiveCfg = Release|Any CPU
		{E8EA7E40-185F-4C4A-9645-7A81BB360658}.Release|x64.Build.0 = Release|Any CPU
		{E8EA7E40-185F-4C4A-9645-7A81BB360658}.Release|x86.ActiveCfg = Release|Any CPU
		{E8EA7E40-185F-4C4A-9645-7A81BB360658}.Release|x86.Build.0 = Release|Any CPU
		{65A1ED00-C8EB-4ED6-9913-1A57D1CECEE0}.Debug|Any CPU.ActiveCfg = Debug|Any CPU
		{65A1ED00-C8EB-4ED6-9913-1A57D1CECEE0}.Debug|Any CPU.Build.0 = Debug|Any CPU
		{65A1ED00-C8EB-4ED6-9913-1A57D1CECEE0}.Debug|x64.ActiveCfg = Debug|Any CPU
		{65A1ED00-C8EB-4ED6-9913-1A57D1CECEE0}.Debug|x64.Build.0 = Debug|Any CPU
		{65A1ED00-C8EB-4ED6-9913-1A57D1CECEE0}.Debug|x86.ActiveCfg = Debug|Any CPU
		{65A1ED00-C8EB-4ED6-9913-1A57D1CECEE0}.Debug|x86.Build.0 = Debug|Any CPU
		{65A1ED00-C8EB-4ED6-9913-1A57D1CECEE0}.Release|Any CPU.ActiveCfg = Release|Any CPU
		{65A1ED00-C8EB-4ED6-9913-1A57D1CECEE0}.Release|Any CPU.Build.0 = Release|Any CPU
		{65A1ED00-C8EB-4ED6-9913-1A57D1CECEE0}.Release|x64.ActiveCfg = Release|Any CPU
		{65A1ED00-C8EB-4ED6-9913-1A57D1CECEE0}.Release|x64.Build.0 = Release|Any CPU
		{65A1ED00-C8EB-4ED6-9913-1A57D1CECEE0}.Release|x86.ActiveCfg = Release|Any CPU
		{65A1ED00-C8EB-4ED6-9913-1A57D1CECEE0}.Release|x86.Build.0 = Release|Any CPU
		{C9BC6C69-A8AB-4A2E-BC92-AC0D90D0086B}.Debug|Any CPU.ActiveCfg = Debug|Any CPU
		{C9BC6C69-A8AB-4A2E-BC92-AC0D90D0086B}.Debug|Any CPU.Build.0 = Debug|Any CPU
		{C9BC6C69-A8AB-4A2E-BC92-AC0D90D0086B}.Debug|x64.ActiveCfg = Debug|Any CPU
		{C9BC6C69-A8AB-4A2E-BC92-AC0D90D0086B}.Debug|x64.Build.0 = Debug|Any CPU
		{C9BC6C69-A8AB-4A2E-BC92-AC0D90D0086B}.Debug|x86.ActiveCfg = Debug|Any CPU
		{C9BC6C69-A8AB-4A2E-BC92-AC0D90D0086B}.Debug|x86.Build.0 = Debug|Any CPU
		{C9BC6C69-A8AB-4A2E-BC92-AC0D90D0086B}.Release|Any CPU.ActiveCfg = Release|Any CPU
		{C9BC6C69-A8AB-4A2E-BC92-AC0D90D0086B}.Release|Any CPU.Build.0 = Release|Any CPU
		{C9BC6C69-A8AB-4A2E-BC92-AC0D90D0086B}.Release|x64.ActiveCfg = Release|Any CPU
		{C9BC6C69-A8AB-4A2E-BC92-AC0D90D0086B}.Release|x64.Build.0 = Release|Any CPU
		{C9BC6C69-A8AB-4A2E-BC92-AC0D90D0086B}.Release|x86.ActiveCfg = Release|Any CPU
		{C9BC6C69-A8AB-4A2E-BC92-AC0D90D0086B}.Release|x86.Build.0 = Release|Any CPU
	EndGlobalSection
	GlobalSection(NestedProjects) = preSolution
		{4C8FCA16-0767-45B6-8914-DAF838883801} = {8E8275F0-CB67-4A9D-A4CA-DA048C312DA3}
		{E8EA7E40-185F-4C4A-9645-7A81BB360658} = {8E8275F0-CB67-4A9D-A4CA-DA048C312DA3}
		{65A1ED00-C8EB-4ED6-9913-1A57D1CECEE0} = {8E8275F0-CB67-4A9D-A4CA-DA048C312DA3}
		{C9BC6C69-A8AB-4A2E-BC92-AC0D90D0086B} = {8E8275F0-CB67-4A9D-A4CA-DA048C312DA3}
	EndGlobalSection
EndGlobal
